{
  "name": "@unumux/theme-enterprise-default",
  "version": "0.3.10",
  "lockfileVersion": 1,
  "dependencies": {
    "@unumux/willow": {
      "version": "0.1.18",
      "resolved": "https://registry.npmjs.org/@unumux/willow/-/willow-0.1.18.tgz",
      "integrity": "sha512-HzUCgYF4CwrjZ9Oql0faXiUxH33RA5Ygy5aS8q4OQ7Cynd9BPnKKX0fy5xOWAP82vP+s4x5G+FRZXUTO/aVzsQ==",
      "dependencies": {
        "@unumux/eslint-config-unumux": {
          "version": "1.1.0",
          "resolved": "https://registry.npmjs.org/@unumux/eslint-config-unumux/-/eslint-config-unumux-1.1.0.tgz",
          "integrity": "sha1-QD4CNk3hzMbDNy10LQEPIrtRXtc="
        },
        "acorn-jsx": {
          "version": "4.0.1",
          "resolved": "https://registry.npmjs.org/acorn-jsx/-/acorn-jsx-4.0.1.tgz",
          "integrity": "sha1-raWgFXNyeiN3dM5iVWTQeeyd4So="
        },
        "acorn-object-spread": {
          "version": "1.0.0",
          "resolved": "https://registry.npmjs.org/acorn-object-spread/-/acorn-object-spread-1.0.0.tgz",
          "integrity": "sha1-SOrQ9KjrFplaF6Dbn/xqyq2kumg="
        },
        "babel-generator": {
          "version": "6.25.0",
          "resolved": "https://registry.npmjs.org/babel-generator/-/babel-generator-6.25.0.tgz",
          "integrity": "sha1-M6GvcNXyiQrrRlpKd5PB32qeqfw="
        },
        "bootstrap": {
          "version": "4.0.0-alpha.6",
          "resolved": "https://registry.npmjs.org/bootstrap/-/bootstrap-4.0.0-alpha.6.tgz",
          "integrity": "sha1-T1TdM6wN6sOyhAe8LffsYIhpycg="
        },
        "buble": {
          "version": "0.15.2",
          "resolved": "https://registry.npmjs.org/buble/-/buble-0.15.2.tgz",
          "integrity": "sha1-VH/EdIP45egXbYKqXrzLGDsC1hM="
        },
        "commitizen": {
          "version": "2.9.6",
          "resolved": "https://registry.npmjs.org/commitizen/-/commitizen-2.9.6.tgz",
          "integrity": "sha1-wNAFNe8mTaf2Nzft/aQiiYP6IpE="
        },
        "conventional-changelog": {
          "version": "1.1.4",
          "resolved": "https://registry.npmjs.org/conventional-changelog/-/conventional-changelog-1.1.4.tgz",
          "integrity": "sha1-EIvHUMKjF+IA4vm0E8qqH4x++js="
        },
        "eslint": {
          "version": "4.4.1",
          "resolved": "https://registry.npmjs.org/eslint/-/eslint-4.4.1.tgz",
          "integrity": "sha1-mc1+r8/8ov+Zpcj18qR01jZLS9M=",
          "dependencies": {
            "js-yaml": {
              "version": "3.9.1",
              "resolved": "https://registry.npmjs.org/js-yaml/-/js-yaml-3.9.1.tgz",
              "integrity": "sha512-CbcG379L1e+mWBnLvHWWeLs8GyV/EMw862uLI3c+GxVyDHWZcjZinwuBd3iW2pgxgIlksW/1vNJa4to+RvDOww=="
            }
          }
        },
        "github": {
          "version": "9.2.0",
          "resolved": "https://registry.npmjs.org/github/-/github-9.2.0.tgz",
          "integrity": "sha1-iohtxA3WNjZwfcr5nfPfJsWfFvw="
        },
        "gulp": {
          "version": "3.9.1",
          "resolved": "https://registry.npmjs.org/gulp/-/gulp-3.9.1.tgz",
          "integrity": "sha1-VxzkWSjdQK9lFPxAEYZgFsE4RbQ="
        },
        "gulp-stylelint": {
          "version": "4.0.0",
          "resolved": "https://registry.npmjs.org/gulp-stylelint/-/gulp-stylelint-4.0.0.tgz",
          "integrity": "sha1-RA+n5sRH6SZEcA4eKganPm5Fd1A="
        },
        "jquery": {
          "version": "3.2.1",
          "resolved": "https://registry.npmjs.org/jquery/-/jquery-3.2.1.tgz",
          "integrity": "sha1-XE2d5lKvbNCncBVKYxu6ErAVx4c="
        },
        "normalize.css": {
          "version": "4.2.0",
          "resolved": "https://registry.npmjs.org/normalize.css/-/normalize.css-4.2.0.tgz",
          "integrity": "sha1-IdZsxVcVTUN5/R4HnsfeWKN5sJk="
        },
        "npmconf": {
          "version": "2.1.2",
          "resolved": "https://registry.npmjs.org/npmconf/-/npmconf-2.1.2.tgz",
          "integrity": "sha1-ZmBqSnNvHnegWaoHGnnJSreBhTo="
        },
        "sass-graph": {
          "version": "2.2.4",
          "resolved": "https://registry.npmjs.org/sass-graph/-/sass-graph-2.2.4.tgz",
          "integrity": "sha1-E/vWPNHK8JCLn9k0dq1DpR0eC0k="
        },
        "semver-greatest-satisfied-range": {
          "version": "1.0.0",
          "resolved": "https://registry.npmjs.org/semver-greatest-satisfied-range/-/semver-greatest-satisfied-range-1.0.0.tgz",
          "integrity": "sha1-T7RB4qjSbEC1mDJ1VzGN4nKlWKA="
        },
        "send": {
          "version": "0.15.4",
          "resolved": "https://registry.npmjs.org/send/-/send-0.15.4.tgz",
          "integrity": "sha1-mF+qPihLAnPHkzZKNcZze9k5Bbk="
        },
        "stylelint": {
          "version": "8.0.0",
          "resolved": "https://registry.npmjs.org/stylelint/-/stylelint-8.0.0.tgz",
          "integrity": "sha512-k1GkRhOtghvYu5PWCdec7SNN22KZZLq4TL1vVyykBvHr91oUS7eVfX2IAZJjBpYKh9Gdep+AnSZCwuUn+J76Bw=="
        },
        "tether": {
          "version": "1.4.0",
          "resolved": "https://registry.npmjs.org/tether/-/tether-1.4.0.tgz",
          "integrity": "sha1-D5+hcfdb9YSF2BSelHmdeudNHBo="
        },
        "v8flags": {
          "version": "3.0.0",
          "resolved": "https://registry.npmjs.org/v8flags/-/v8flags-3.0.0.tgz",
          "integrity": "sha512-AGl+C+4qpeSu2g3JxCD/mGFFOs/vVZ3XREkD3ibQXEqr4Y4zgIrPWW124/IKJFHOIVFIoH8miWrLf0o84HYjwA=="
        },
        "yargs": {
          "version": "8.0.2",
          "resolved": "https://registry.npmjs.org/yargs/-/yargs-8.0.2.tgz",
          "integrity": "sha1-YpmpBVsc78lp/355wdkY3Osiw2A="
        }
      }
    }
  }
}
