{
  "name": "@unumux/theme-enterprise-default",
  "version": "0.3.10",
  "lockfileVersion": 1,
  "dependencies": {
    "@unumux/willow": {
      "version": "0.1.18",
      "dependencies": {
        "@unumux/eslint-config-unumux": {},
        "acorn-jsx": {},
        "acorn-object-spread": {},
        "babel-generator": {},
        "bootstrap": {
          "version": "4.0.0-alpha.6",
          "bundled": true
        },
        "buble": {},
        "commitizen": {},
        "conventional-changelog": {},
        "eslint": {
          "dependencies": {
            "js-yaml": {}
          }
        },
        "github": {},
        "gulp": {},
        "gulp-stylelint": {},
        "jquery": {
          "version": "3.2.1",
          "bundled": true
        },
        "normalize.css": {
          "version": "4.2.0",
          "bundled": true
        },
        "npmconf": {},
        "sass-graph": {},
        "semver-greatest-satisfied-range": {},
        "send": {},
        "stylelint": {},
        "tether": {
          "version": "1.4.0",
          "bundled": true
        },
        "v8flags": {},
        "yargs": {}
      }
    }
  }
}
